schema: '2.0'
stages:
  prepare:
    cmd: python src/data/make_dataset.py data/raw data/preprocessed
    deps:
    - path: data/raw
      hash: md5
      md5: 088449c5d4a8a10e89ac6ec42f2e878c.dir
      size: 2687848905
      nfiles: 98731
    - path: src/data/make_dataset.py
      hash: md5
      md5: b6e9a0bc1ad63e9d7c661cb373c26e65
      size: 1117
    outs:
    - path: data/preprocessed
      hash: md5
      md5: 088449c5d4a8a10e89ac6ec42f2e878c.dir
      size: 2687848905
      nfiles: 98731
  train:
    cmd: python src/main.py
    deps:
    - path: data/preprocessed
      hash: md5
      md5: 088449c5d4a8a10e89ac6ec42f2e878c.dir
      size: 2687848905
      nfiles: 98731
    - path: src/features
      hash: md5
      md5: 55bfd4f82a847520833318ffdd68dc34.dir
      size: 24054
      nfiles: 8
    - path: src/main.py
      hash: md5
      md5: 845caa5c7f5f953172fd3b067bc5a185
      size: 2254
    - path: src/models
      hash: md5
      md5: 6e4d8f1f124f09c638358c82fc0b659e.dir
      size: 37443
      nfiles: 8
    outs:
    - path: models/best_lstm_model.h5
      hash: md5
      md5: d98f0f4749d31b61d3ef328bee948f5d
      size: 17014032
    - path: models/best_vgg16_model.h5
      hash: md5
      md5: 9a73e6648d1854124e6eba47d1f1f29c
      size: 136110224
    - path: models/best_weights.pkl
      hash: md5
      md5: 29f43f2834a03872b3740605367b268f
      size: 137
    - path: models/concatenate.h5
      hash: md5
      md5: 6bbfda2e962a353ee2354328ecade447
      size: 10096
    - path: models/mapper.pkl
      hash: md5
      md5: bdc01efbae713fb4c49d7b1dd0d6a2a9
      size: 668
    - path: models/tokenizer_config.json
      hash: md5
      md5: 3508fac25957f8f51a4f1023bc9863e3
      size: 1745676
