schema: '2.0'
stages:
  prepare:
    cmd: python src/data/make_dataset.py data/raw data/preprocessed
    deps:
    - path: data/raw
      hash: md5
      md5: 088449c5d4a8a10e89ac6ec42f2e878c.dir
      size: 2687848905
      nfiles: 98731
    - path: src/data/make_dataset.py
      hash: md5
      md5: b6e9a0bc1ad63e9d7c661cb373c26e65
      size: 1117
    outs:
    - path: data/preprocessed
      hash: md5
      md5: 088449c5d4a8a10e89ac6ec42f2e878c.dir
      size: 2687848905
      nfiles: 98731
